// !$*UTF8*$!
{
	archiveVersion = 1;
	classes = {
	};
	objectVersion = 46;
	objects = {

/* Begin PBXBuildFile section */
		80551CA31F7A9FDC00176683 /* AppDelegate.swift in Sources */ = {isa = PBXBuildFile; fileRef = 80551CA21F7A9FDC00176683 /* AppDelegate.swift */; };
		80551CA51F7A9FDC00176683 /* GameScene.sks in Resources */ = {isa = PBXBuildFile; fileRef = 80551CA41F7A9FDC00176683 /* GameScene.sks */; };
		80551CA71F7A9FDC00176683 /* Actions.sks in Resources */ = {isa = PBXBuildFile; fileRef = 80551CA61F7A9FDC00176683 /* Actions.sks */; };
		80551CA91F7A9FDC00176683 /* GameScene.swift in Sources */ = {isa = PBXBuildFile; fileRef = 80551CA81F7A9FDC00176683 /* GameScene.swift */; };
		80551CAB1F7A9FDC00176683 /* GameViewController.swift in Sources */ = {isa = PBXBuildFile; fileRef = 80551CAA1F7A9FDC00176683 /* GameViewController.swift */; };
		80551CAE1F7A9FDC00176683 /* Main.storyboard in Resources */ = {isa = PBXBuildFile; fileRef = 80551CAC1F7A9FDC00176683 /* Main.storyboard */; };
		80551CB01F7A9FDC00176683 /* Assets.xcassets in Resources */ = {isa = PBXBuildFile; fileRef = 80551CAF1F7A9FDC00176683 /* Assets.xcassets */; };
		80551CB31F7A9FDC00176683 /* LaunchScreen.storyboard in Resources */ = {isa = PBXBuildFile; fileRef = 80551CB11F7A9FDC00176683 /* LaunchScreen.storyboard */; };
		80551CC21F7AA11700176683 /* background.wav in Resources */ = {isa = PBXBuildFile; fileRef = 80551CBB1F7AA11700176683 /* background.wav */; };
		80551CC31F7AA11700176683 /* fail.wav in Resources */ = {isa = PBXBuildFile; fileRef = 80551CBC1F7AA11700176683 /* fail.wav */; };
		80551CC41F7AA11700176683 /* levelCompleted.wav in Resources */ = {isa = PBXBuildFile; fileRef = 80551CBD1F7AA11700176683 /* levelCompleted.wav */; };
		80551CC51F7AA11700176683 /* levelUp.wav in Resources */ = {isa = PBXBuildFile; fileRef = 80551CBE1F7AA11700176683 /* levelUp.wav */; };
		80551CC61F7AA11700176683 /* MenuHighscoreMusic.mp3 in Resources */ = {isa = PBXBuildFile; fileRef = 80551CBF1F7AA11700176683 /* MenuHighscoreMusic.mp3 */; };
		80551CC71F7AA11700176683 /* move.wav in Resources */ = {isa = PBXBuildFile; fileRef = 80551CC01F7AA11700176683 /* move.wav */; };
		80551CC81F7AA11700176683 /* powerUp.wav in Resources */ = {isa = PBXBuildFile; fileRef = 80551CC11F7AA11700176683 /* powerUp.wav */; };
		809D57E81F7ACDC800897167 /* pulse.sks in Resources */ = {isa = PBXBuildFile; fileRef = 809D57E71F7ACDC800897167 /* pulse.sks */; };
		809D57EA1F7ACE8300897167 /* fireworks.sks in Resources */ = {isa = PBXBuildFile; fileRef = 809D57E91F7ACE8300897167 /* fireworks.sks */; };
		80E914011F7E9F3A00B6B9E6 /* GameSceneP2.sks in Resources */ = {isa = PBXBuildFile; fileRef = 80E914001F7E9F3A00B6B9E6 /* GameSceneP2.sks */; };
		80E914051F7EA25400B6B9E6 /* GameSceneG.sks in Resources */ = {isa = PBXBuildFile; fileRef = 80E914041F7EA25400B6B9E6 /* GameSceneG.sks */; };
/* End PBXBuildFile section */

/* Begin PBXFileReference section */
		80551C9F1F7A9FDC00176683 /* ColorGame.app */ = {isa = PBXFileReference; explicitFileType = wrapper.application; includeInIndex = 0; path = ColorGame.app; sourceTree = BUILT_PRODUCTS_DIR; };
		80551CA21F7A9FDC00176683 /* AppDelegate.swift */ = {isa = PBXFileReference; lastKnownFileType = sourcecode.swift; path = AppDelegate.swift; sourceTree = "<group>"; };
		80551CA41F7A9FDC00176683 /* GameScene.sks */ = {isa = PBXFileReference; lastKnownFileType = file.sks; path = GameScene.sks; sourceTree = "<group>"; };
		80551CA61F7A9FDC00176683 /* Actions.sks */ = {isa = PBXFileReference; lastKnownFileType = file.sks; path = Actions.sks; sourceTree = "<group>"; };
		80551CA81F7A9FDC00176683 /* GameScene.swift */ = {isa = PBXFileReference; lastKnownFileType = sourcecode.swift; path = GameScene.swift; sourceTree = "<group>"; };
		80551CAA1F7A9FDC00176683 /* GameViewController.swift */ = {isa = PBXFileReference; lastKnownFileType = sourcecode.swift; path = GameViewController.swift; sourceTree = "<group>"; };
		80551CAD1F7A9FDC00176683 /* Base */ = {isa = PBXFileReference; lastKnownFileType = file.storyboard; name = Base; path = Base.lproj/Main.storyboard; sourceTree = "<group>"; };
		80551CAF1F7A9FDC00176683 /* Assets.xcassets */ = {isa = PBXFileReference; lastKnownFileType = folder.assetcatalog; path = Assets.xcassets; sourceTree = "<group>"; };
		80551CB21F7A9FDC00176683 /* Base */ = {isa = PBXFileReference; lastKnownFileType = file.storyboard; name = Base; path = Base.lproj/LaunchScreen.storyboard; sourceTree = "<group>"; };
		80551CB41F7A9FDC00176683 /* Info.plist */ = {isa = PBXFileReference; lastKnownFileType = text.plist.xml; path = Info.plist; sourceTree = "<group>"; };
		80551CBB1F7AA11700176683 /* background.wav */ = {isa = PBXFileReference; lastKnownFileType = audio.wav; path = background.wav; sourceTree = "<group>"; };
		80551CBC1F7AA11700176683 /* fail.wav */ = {isa = PBXFileReference; lastKnownFileType = audio.wav; path = fail.wav; sourceTree = "<group>"; };
		80551CBD1F7AA11700176683 /* levelCompleted.wav */ = {isa = PBXFileReference; lastKnownFileType = audio.wav; path = levelCompleted.wav; sourceTree = "<group>"; };
		80551CBE1F7AA11700176683 /* levelUp.wav */ = {isa = PBXFileReference; lastKnownFileType = audio.wav; path = levelUp.wav; sourceTree = "<group>"; };
		80551CBF1F7AA11700176683 /* MenuHighscoreMusic.mp3 */ = {isa = PBXFileReference; lastKnownFileType = audio.mp3; path = MenuHighscoreMusic.mp3; sourceTree = "<group>"; };
		80551CC01F7AA11700176683 /* move.wav */ = {isa = PBXFileReference; lastKnownFileType = audio.wav; path = move.wav; sourceTree = "<group>"; };
		80551CC11F7AA11700176683 /* powerUp.wav */ = {isa = PBXFileReference; lastKnownFileType = audio.wav; path = powerUp.wav; sourceTree = "<group>"; };
		809D57E71F7ACDC800897167 /* pulse.sks */ = {isa = PBXFileReference; lastKnownFileType = file.sks; path = pulse.sks; sourceTree = "<group>"; };
		809D57E91F7ACE8300897167 /* fireworks.sks */ = {isa = PBXFileReference; lastKnownFileType = file.sks; path = fireworks.sks; sourceTree = "<group>"; };
		80E914001F7E9F3A00B6B9E6 /* GameSceneP2.sks */ = {isa = PBXFileReference; lastKnownFileType = file.sks; path = GameSceneP2.sks; sourceTree = "<group>"; };
		80E914041F7EA25400B6B9E6 /* GameSceneG.sks */ = {isa = PBXFileReference; lastKnownFileType = file.sks; path = GameSceneG.sks; sourceTree = "<group>"; };
/* End PBXFileReference section */

/* Begin PBXFrameworksBuildPhase section */
		80551C9C1F7A9FDC00176683 /* Frameworks */ = {
			isa = PBXFrameworksBuildPhase;
			buildActionMask = 2147483647;
			files = (
			);
			runOnlyForDeploymentPostprocessing = 0;
		};
/* End PBXFrameworksBuildPhase section */

/* Begin PBXGroup section */
		80551C961F7A9FDC00176683 = {
			isa = PBXGroup;
			children = (
				80551CA11F7A9FDC00176683 /* ColorGame */,
				80551CA01F7A9FDC00176683 /* Products */,
			);
			sourceTree = "<group>";
		};
		80551CA01F7A9FDC00176683 /* Products */ = {
			isa = PBXGroup;
			children = (
				80551C9F1F7A9FDC00176683 /* ColorGame.app */,
			);
			name = Products;
			sourceTree = "<group>";
		};
		80551CA11F7A9FDC00176683 /* ColorGame */ = {
			isa = PBXGroup;
			children = (
				80551CA21F7A9FDC00176683 /* AppDelegate.swift */,
				80551CA41F7A9FDC00176683 /* GameScene.sks */,
				80E914001F7E9F3A00B6B9E6 /* GameSceneP2.sks */,
				80551CA61F7A9FDC00176683 /* Actions.sks */,
				80551CA81F7A9FDC00176683 /* GameScene.swift */,
				80551CAA1F7A9FDC00176683 /* GameViewController.swift */,
				80551CAC1F7A9FDC00176683 /* Main.storyboard */,
				80E914041F7EA25400B6B9E6 /* GameSceneG.sks */,
				80551CBA1F7AA11700176683 /* Sounds */,
				80551CAF1F7A9FDC00176683 /* Assets.xcassets */,
				80551CB11F7A9FDC00176683 /* LaunchScreen.storyboard */,
				80551CB41F7A9FDC00176683 /* Info.plist */,
				809D57E71F7ACDC800897167 /* pulse.sks */,
				809D57E91F7ACE8300897167 /* fireworks.sks */,
			);
			path = ColorGame;
			sourceTree = "<group>";
		};
		80551CBA1F7AA11700176683 /* Sounds */ = {
			isa = PBXGroup;
			children = (
				80551CBB1F7AA11700176683 /* background.wav */,
				80551CBC1F7AA11700176683 /* fail.wav */,
				80551CBD1F7AA11700176683 /* levelCompleted.wav */,
				80551CBE1F7AA11700176683 /* levelUp.wav */,
				80551CBF1F7AA11700176683 /* MenuHighscoreMusic.mp3 */,
				80551CC01F7AA11700176683 /* move.wav */,
				80551CC11F7AA11700176683 /* powerUp.wav */,
			);
			path = Sounds;
			sourceTree = "<group>";
		};
/* End PBXGroup section */

/* Begin PBXNativeTarget section */
		80551C9E1F7A9FDC00176683 /* ColorGame */ = {
			isa = PBXNativeTarget;
			buildConfigurationList = 80551CB71F7A9FDC00176683 /* Build configuration list for PBXNativeTarget "ColorGame" */;
			buildPhases = (
				80551C9B1F7A9FDC00176683 /* Sources */,
				80551C9C1F7A9FDC00176683 /* Frameworks */,
				80551C9D1F7A9FDC00176683 /* Resources */,
			);
			buildRules = (
			);
			dependencies = (
			);
			name = ColorGame;
			productName = ColorGame;
			productReference = 80551C9F1F7A9FDC00176683 /* ColorGame.app */;
			productType = "com.apple.product-type.application";
		};
/* End PBXNativeTarget section */

/* Begin PBXProject section */
		80551C971F7A9FDC00176683 /* Project object */ = {
			isa = PBXProject;
			attributes = {
				LastSwiftUpdateCheck = 0830;
				LastUpgradeCheck = 0830;
				ORGANIZATIONNAME = figur8;
				TargetAttributes = {
					80551C9E1F7A9FDC00176683 = {
						CreatedOnToolsVersion = 8.3.2;
						DevelopmentTeam = 2M59ES6F24;
						ProvisioningStyle = Automatic;
					};
				};
			};
			buildConfigurationList = 80551C9A1F7A9FDC00176683 /* Build configuration list for PBXProject "ColorGame" */;
			compatibilityVersion = "Xcode 3.2";
			developmentRegion = English;
			hasScannedForEncodings = 0;
			knownRegions = (
				en,
				Base,
			);
			mainGroup = 80551C961F7A9FDC00176683;
			productRefGroup = 80551CA01F7A9FDC00176683 /* Products */;
			projectDirPath = "";
			projectRoot = "";
			targets = (
				80551C9E1F7A9FDC00176683 /* ColorGame */,
			);
		};
/* End PBXProject section */

/* Begin PBXResourcesBuildPhase section */
		80551C9D1F7A9FDC00176683 /* Resources */ = {
			isa = PBXResourcesBuildPhase;
			buildActionMask = 2147483647;
			files = (
				80551CC71F7AA11700176683 /* move.wav in Resources */,
				80E914011F7E9F3A00B6B9E6 /* GameSceneP2.sks in Resources */,
				80551CAE1F7A9FDC00176683 /* Main.storyboard in Resources */,
				80551CA51F7A9FDC00176683 /* GameScene.sks in Resources */,
				80E914051F7EA25400B6B9E6 /* GameSceneG.sks in Resources */,
				80551CC31F7AA11700176683 /* fail.wav in Resources */,
				809D57EA1F7ACE8300897167 /* fireworks.sks in Resources */,
				80551CC41F7AA11700176683 /* levelCompleted.wav in Resources */,
				80551CC81F7AA11700176683 /* powerUp.wav in Resources */,
				80551CC21F7AA11700176683 /* background.wav in Resources */,
				809D57E81F7ACDC800897167 /* pulse.sks in Resources */,
				80551CB01F7A9FDC00176683 /* Assets.xcassets in Resources */,
				80551CB31F7A9FDC00176683 /* LaunchScreen.storyboard in Resources */,
				80551CC51F7AA11700176683 /* levelUp.wav in Resources */,
				80551CC61F7AA11700176683 /* MenuHighscoreMusic.mp3 in Resources */,
				80551CA71F7A9FDC00176683 /* Actions.sks in Resources */,
			);
			runOnlyForDeploymentPostprocessing = 0;
		};
/* End PBXResourcesBuildPhase section */

/* Begin PBXSourcesBuildPhase section */
		80551C9B1F7A9FDC00176683 /* Sources */ = {
			isa = PBXSourcesBuildPhase;
			buildActionMask = 2147483647;
			files = (
				80551CA91F7A9FDC00176683 /* GameScene.swift in Sources */,
				80551CAB1F7A9FDC00176683 /* GameViewController.swift in Sources */,
				80551CA31F7A9FDC00176683 /* AppDelegate.swift in Sources */,
			);
			runOnlyForDeploymentPostprocessing = 0;
		};
/* End PBXSourcesBuildPhase section */

/* Begin PBXVariantGroup section */
		80551CAC1F7A9FDC00176683 /* Main.storyboard */ = {
			isa = PBXVariantGroup;
			children = (
				80551CAD1F7A9FDC00176683 /* Base */,
			);
			name = Main.storyboard;
			sourceTree = "<group>";
		};
		80551CB11F7A9FDC00176683 /* LaunchScreen.storyboard */ = {
			isa = PBXVariantGroup;
			children = (
				80551CB21F7A9FDC00176683 /* Base */,
			);
			name = LaunchScreen.storyboard;
			sourceTree = "<group>";
		};
/* End PBXVariantGroup section */

/* Begin XCBuildConfiguration section */
		80551CB51F7A9FDC00176683 /* Debug */ = {
			isa = XCBuildConfiguration;
			buildSettings = {
				ALWAYS_SEARCH_USER_PATHS = NO;
				CLANG_ANALYZER_NONNULL = YES;
				CLANG_ANALYZER_NUMBER_OBJECT_CONVERSION = YES_AGGRESSIVE;
				CLANG_CXX_LANGUAGE_STANDARD = "gnu++0x";
				CLANG_CXX_LIBRARY = "libc++";
				CLANG_ENABLE_MODULES = YES;
				CLANG_ENABLE_OBJC_ARC = YES;
				CLANG_WARN_BOOL_CONVERSION = YES;
				CLANG_WARN_CONSTANT_CONVERSION = YES;
				CLANG_WARN_DIRECT_OBJC_ISA_USAGE = YES_ERROR;
				CLANG_WARN_DOCUMENTATION_COMMENTS = YES;
				CLANG_WARN_EMPTY_BODY = YES;
				CLANG_WARN_ENUM_CONVERSION = YES;
				CLANG_WARN_INFINITE_RECURSION = YES;
				CLANG_WARN_INT_CONVERSION = YES;
				CLANG_WARN_OBJC_ROOT_CLASS = YES_ERROR;
				CLANG_WARN_SUSPICIOUS_MOVE = YES;
				CLANG_WARN_UNREACHABLE_CODE = YES;
				CLANG_WARN__DUPLICATE_METHOD_MATCH = YES;
				"CODE_SIGN_IDENTITY[sdk=iphoneos*]" = "iPhone Developer";
				COPY_PHASE_STRIP = NO;
				DEBUG_INFORMATION_FORMAT = dwarf;
				ENABLE_STRICT_OBJC_MSGSEND = YES;
				ENABLE_TESTABILITY = YES;
				GCC_C_LANGUAGE_STANDARD = gnu99;
				GCC_DYNAMIC_NO_PIC = NO;
				GCC_NO_COMMON_BLOCKS = YES;
				GCC_OPTIMIZATION_LEVEL = 0;
				GCC_PREPROCESSOR_DEFINITIONS = (
					"DEBUG=1",
					"$(inherited)",
				);
				GCC_WARN_64_TO_32_BIT_CONVERSION = YES;
				GCC_WARN_ABOUT_RETURN_TYPE = YES_ERROR;
				GCC_WARN_UNDECLARED_SELECTOR = YES;
				GCC_WARN_UNINITIALIZED_AUTOS = YES_AGGRESSIVE;
				GCC_WARN_UNUSED_FUNCTION = YES;
				GCC_WARN_UNUSED_VARIABLE = YES;
				IPHONEOS_DEPLOYMENT_TARGET = 10.3;
				MTL_ENABLE_DEBUG_INFO = YES;
				ONLY_ACTIVE_ARCH = YES;
				SDKROOT = iphoneos;
				SWIFT_ACTIVE_COMPILATION_CONDITIONS = DEBUG;
				SWIFT_OPTIMIZATION_LEVEL = "-Onone";
			};
			name = Debug;
		};
		80551CB61F7A9FDC00176683 /* Release */ = {
			isa = XCBuildConfiguration;
			buildSettings = {
				ALWAYS_SEARCH_USER_PATHS = NO;
				CLANG_ANALYZER_NONNULL = YES;
				CLANG_ANALYZER_NUMBER_OBJECT_CONVERSION = YES_AGGRESSIVE;
				CLANG_CXX_LANGUAGE_STANDARD = "gnu++0x";
				CLANG_CXX_LIBRARY = "libc++";
				CLANG_ENABLE_MODULES = YES;
				CLANG_ENABLE_OBJC_ARC = YES;
				CLANG_WARN_BOOL_CONVERSION = YES;
				CLANG_WARN_CONSTANT_CONVERSION = YES;
				CLANG_WARN_DIRECT_OBJC_ISA_USAGE = YES_ERROR;
				CLANG_WARN_DOCUMENTATION_COMMENTS = YES;
				CLANG_WARN_EMPTY_BODY = YES;
				CLANG_WARN_ENUM_CONVERSION = YES;
				CLANG_WARN_INFINITE_RECURSION = YES;
				CLANG_WARN_INT_CONVERSION = YES;
				CLANG_WARN_OBJC_ROOT_CLASS = YES_ERROR;
				CLANG_WARN_SUSPICIOUS_MOVE = YES;
				CLANG_WARN_UNREACHABLE_CODE = YES;
				CLANG_WARN__DUPLICATE_METHOD_MATCH = YES;
				"CODE_SIGN_IDENTITY[sdk=iphoneos*]" = "iPhone Developer";
				COPY_PHASE_STRIP = NO;
				DEBUG_INFORMATION_FORMAT = "dwarf-with-dsym";
				ENABLE_NS_ASSERTIONS = NO;
				ENABLE_STRICT_OBJC_MSGSEND = YES;
				GCC_C_LANGUAGE_STANDARD = gnu99;
				GCC_NO_COMMON_BLOCKS = YES;
				GCC_WARN_64_TO_32_BIT_CONVERSION = YES;
				GCC_WARN_ABOUT_RETURN_TYPE = YES_ERROR;
				GCC_WARN_UNDECLARED_SELECTOR = YES;
				GCC_WARN_UNINITIALIZED_AUTOS = YES_AGGRESSIVE;
				GCC_WARN_UNUSED_FUNCTION = YES;
				GCC_WARN_UNUSED_VARIABLE = YES;
				IPHONEOS_DEPLOYMENT_TARGET = 10.3;
				MTL_ENABLE_DEBUG_INFO = NO;
				SDKROOT = iphoneos;
				SWIFT_OPTIMIZATION_LEVEL = "-Owholemodule";
				VALIDATE_PRODUCT = YES;
			};
			name = Release;
		};
		80551CB81F7A9FDC00176683 /* Debug */ = {
			isa = XCBuildConfiguration;
			buildSettings = {
				ASSETCATALOG_COMPILER_APPICON_NAME = AppIcon;
				DEVELOPMENT_TEAM = 2M59ES6F24;
				INFOPLIST_FILE = ColorGame/Info.plist;
				LD_RUNPATH_SEARCH_PATHS = "$(inherited) @executable_path/Frameworks";
				PRODUCT_BUNDLE_IDENTIFIER = me.figur8.ColorGame;
				PRODUCT_NAME = "$(TARGET_NAME)";
				SWIFT_VERSION = 3.0;
			};
			name = Debug;
		};
		80551CB91F7A9FDC00176683 /* Release */ = {
			isa = XCBuildConfiguration;
			buildSettings = {
				ASSETCATALOG_COMPILER_APPICON_NAME = AppIcon;
				DEVELOPMENT_TEAM = 2M59ES6F24;
				INFOPLIST_FILE = ColorGame/Info.plist;
				LD_RUNPATH_SEARCH_PATHS = "$(inherited) @executable_path/Frameworks";
				PRODUCT_BUNDLE_IDENTIFIER = me.figur8.ColorGame;
				PRODUCT_NAME = "$(TARGET_NAME)";
				SWIFT_VERSION = 3.0;
			};
			name = Release;
		};
/* End XCBuildConfiguration section */

/* Begin XCConfigurationList section */
		80551C9A1F7A9FDC00176683 /* Build configuration list for PBXProject "ColorGame" */ = {
			isa = XCConfigurationList;
			buildConfigurations = (
				80551CB51F7A9FDC00176683 /* Debug */,
				80551CB61F7A9FDC00176683 /* Release */,
			);
			defaultConfigurationIsVisible = 0;
			defaultConfigurationName = Release;
		};
		80551CB71F7A9FDC00176683 /* Build configuration list for PBXNativeTarget "ColorGame" */ = {
			isa = XCConfigurationList;
			buildConfigurations = (
				80551CB81F7A9FDC00176683 /* Debug */,
				80551CB91F7A9FDC00176683 /* Release */,
			);
			defaultConfigurationIsVisible = 0;
			defaultConfigurationName = Release;
		};
/* End XCConfigurationList section */
	};
	rootObject = 80551C971F7A9FDC00176683 /* Project object */;
}
